
Microsoft Visual Studio Solution File, Format Version 12.00
# Visual Studio Version 16
VisualStudioVersion = 16.0.29509.3
MinimumVisualStudioVersion = 10.0.40219.1
Project("{FAE04EC0-301F-11D3-BF4B-00C04F79EFBC}") = "TestApplicationForVR", "TestApplicationForVR.csproj", "{B9471C87-9DAA-4C05-A6C4-B0F5ABB7145D}"
EndProject
Global
	GlobalSection(SolutionConfigurationPlatforms) = preSolution
		Debug|Any CPU = Debug|Any CPU
		Release|Any CPU = Release|Any CPU
	EndGlobalSection
	GlobalSection(ProjectConfigurationPlatforms) = postSolution
		{B9471C87-9DAA-4C05-A6C4-B0F5ABB7145D}.Debug|Any CPU.ActiveCfg = Debug|Any CPU
		{B9471C87-9DAA-4C05-A6C4-B0F5ABB7145D}.Debug|Any CPU.Build.0 = Debug|Any CPU
		{B9471C87-9DAA-4C05-A6C4-B0F5ABB7145D}.Release|Any CPU.ActiveCfg = Release|Any CPU
		{B9471C87-9DAA-4C05-A6C4-B0F5ABB7145D}.Release|Any CPU.Build.0 = Release|Any CPU
	EndGlobalSection
	GlobalSection(SolutionProperties) = preSolution
		HideSolutionNode = FALSE
	EndGlobalSection
	GlobalSection(ExtensibilityGlobals) = postSolution
		SolutionGuid = {24B72300-180A-4C18-BE88-340ED223391A}
	EndGlobalSection
EndGlobal
